
Microsoft Visual Studio Solution File, Format Version 12.00
# Visual Studio 2013
VisualStudioVersion = 12.0.31101.0
MinimumVisualStudioVersion = 10.0.40219.1
Project("{FAE04EC0-301F-11D3-BF4B-00C04F79EFBC}") = "Swappy-V2", "Swappy-V2\Swappy-V2.csproj", "{9F4FBBFB-F454-4182-B97A-4BED6FC322C6}"
EndProject
Project("{FAE04EC0-301F-11D3-BF4B-00C04F79EFBC}") = "Swappy-V2.Tests", "Swappy-V2.Tests\Swappy-V2.Tests.csproj", "{5E7CEEAA-66E0-4B2B-88B9-D29E7D94112A}"
EndProject
Global
	GlobalSection(SolutionConfigurationPlatforms) = preSolution
		Debug|Any CPU = Debug|Any CPU
		Release|Any CPU = Release|Any CPU
	EndGlobalSection
	GlobalSection(ProjectConfigurationPlatforms) = postSolution
		{9F4FBBFB-F454-4182-B97A-4BED6FC322C6}.Debug|Any CPU.ActiveCfg = Debug|Any CPU
		{9F4FBBFB-F454-4182-B97A-4BED6FC322C6}.Debug|Any CPU.Build.0 = Debug|Any CPU
		{9F4FBBFB-F454-4182-B97A-4BED6FC322C6}.Release|Any CPU.ActiveCfg = Release|Any CPU
		{9F4FBBFB-F454-4182-B97A-4BED6FC322C6}.Release|Any CPU.Build.0 = Release|Any CPU
		{5E7CEEAA-66E0-4B2B-88B9-D29E7D94112A}.Debug|Any CPU.ActiveCfg = Debug|Any CPU
		{5E7CEEAA-66E0-4B2B-88B9-D29E7D94112A}.Debug|Any CPU.Build.0 = Debug|Any CPU
		{5E7CEEAA-66E0-4B2B-88B9-D29E7D94112A}.Release|Any CPU.ActiveCfg = Release|Any CPU
		{5E7CEEAA-66E0-4B2B-88B9-D29E7D94112A}.Release|Any CPU.Build.0 = Release|Any CPU
	EndGlobalSection
	GlobalSection(SolutionProperties) = preSolution
		HideSolutionNode = FALSE
	EndGlobalSection
EndGlobal
